
Microsoft Visual Studio Solution File, Format Version 12.00
# Visual Studio Version 16
VisualStudioVersion = 16.0.31624.102
MinimumVisualStudioVersion = 10.0.40219.1
Project("{FAE04EC0-301F-11D3-BF4B-00C04F79EFBC}") = "LeetcodeProject2022", "LeetcodeProject2022\LeetcodeProject2022.csproj", "{98BD4B45-F2CF-43A9-B03E-48D6D23EAB4A}"
EndProject
Project("{FAE04EC0-301F-11D3-BF4B-00C04F79EFBC}") = "LeetcodeProject2022Tests", "LeetcodeProject2022Tests\LeetcodeProject2022Tests.csproj", "{26F24FA1-1BBF-4AD1-8EC0-A408FEAE03F5}"
EndProject
Global
	GlobalSection(SolutionConfigurationPlatforms) = preSolution
		Debug|Any CPU = Debug|Any CPU
		Release|Any CPU = Release|Any CPU
	EndGlobalSection
	GlobalSection(ProjectConfigurationPlatforms) = postSolution
		{98BD4B45-F2CF-43A9-B03E-48D6D23EAB4A}.Debug|Any CPU.ActiveCfg = Debug|Any CPU
		{98BD4B45-F2CF-43A9-B03E-48D6D23EAB4A}.Debug|Any CPU.Build.0 = Debug|Any CPU
		{98BD4B45-F2CF-43A9-B03E-48D6D23EAB4A}.Release|Any CPU.ActiveCfg = Release|Any CPU
		{98BD4B45-F2CF-43A9-B03E-48D6D23EAB4A}.Release|Any CPU.Build.0 = Release|Any CPU
		{26F24FA1-1BBF-4AD1-8EC0-A408FEAE03F5}.Debug|Any CPU.ActiveCfg = Debug|Any CPU
		{26F24FA1-1BBF-4AD1-8EC0-A408FEAE03F5}.Debug|Any CPU.Build.0 = Debug|Any CPU
		{26F24FA1-1BBF-4AD1-8EC0-A408FEAE03F5}.Release|Any CPU.ActiveCfg = Release|Any CPU
		{26F24FA1-1BBF-4AD1-8EC0-A408FEAE03F5}.Release|Any CPU.Build.0 = Release|Any CPU
	EndGlobalSection
	GlobalSection(SolutionProperties) = preSolution
		HideSolutionNode = FALSE
	EndGlobalSection
	GlobalSection(ExtensibilityGlobals) = postSolution
		SolutionGuid = {E1E580B6-EFD9-4D4E-89EC-FB1A95003519}
	EndGlobalSection
EndGlobal
